{
  "originHash" : "8e79a938dba3c68f58bfea538dcf15627ae1fa22eee7b496e07f9ed62330bc86",
  "pins" : [
    {
      "identity" : "mockingkit",
      "kind" : "remoteSourceControl",
      "location" : "https://github.com/danielsaidi/MockingKit.git",
      "state" : {
        "revision" : "a1096bb9b149b70147e6fb8294f720989edf72ae",
        "version" : "1.5.0"
      }
    },
    {
      "identity" : "swift-docc-plugin",
      "kind" : "remoteSourceControl",
      "location" : "https://github.com/apple/swift-docc-plugin",
      "state" : {
        "revision" : "3e4f133a77e644a5812911a0513aeb7288b07d06",
        "version" : "1.4.5"
      }
    },
    {
      "identity" : "swift-docc-symbolkit",
      "kind" : "remoteSourceControl",
      "location" : "https://github.com/swiftlang/swift-docc-symbolkit",
      "state" : {
        "revision" : "b45d1f2ed151d057b54504d653e0da5552844e34",
        "version" : "1.0.0"
      }
    }
  ],
  "version" : 3
}
